
Microsoft Visual Studio Solution File, Format Version 12.00
# Visual Studio Version 17
VisualStudioVersion = 17.6.33723.286
MinimumVisualStudioVersion = 10.0.40219.1
Project("{FAE04EC0-301F-11D3-BF4B-00C04F79EFBC}") = "Interpol_database", "Interpol_database\Interpol_database.csproj", "{BDCD729B-694B-4C04-AB07-54BB4D371A20}"
EndProject
Global
	GlobalSection(SolutionConfigurationPlatforms) = preSolution
		Debug|Any CPU = Debug|Any CPU
		Release|Any CPU = Release|Any CPU
	EndGlobalSection
	GlobalSection(ProjectConfigurationPlatforms) = postSolution
		{BDCD729B-694B-4C04-AB07-54BB4D371A20}.Debug|Any CPU.ActiveCfg = Debug|Any CPU
		{BDCD729B-694B-4C04-AB07-54BB4D371A20}.Debug|Any CPU.Build.0 = Debug|Any CPU
		{BDCD729B-694B-4C04-AB07-54BB4D371A20}.Release|Any CPU.ActiveCfg = Release|Any CPU
		{BDCD729B-694B-4C04-AB07-54BB4D371A20}.Release|Any CPU.Build.0 = Release|Any CPU
	EndGlobalSection
	GlobalSection(SolutionProperties) = preSolution
		HideSolutionNode = FALSE
	EndGlobalSection
	GlobalSection(ExtensibilityGlobals) = postSolution
		SolutionGuid = {2BD6A97E-9632-4A14-99DB-F502FE0C78AA}
	EndGlobalSection
EndGlobal
